uuid: cf2621ad-fd6e-4c48-9260-1f62ea727f9b
langcode: en
status: true
dependencies:
  module:
    - node
    - quiz
  theme:
    - vanipro
id: questionnumberblock
theme: vanipro
region: sidebar_second
weight: -8
provider: null
plugin: question_number
settings:
  id: question_number
  label: 'Question Number Block'
  label_display: '0'
  provider: quiz
visibility:
  'entity_bundle:node':
    id: 'entity_bundle:node'
    negate: false
    context_mapping:
      node: '@node.node_route_context:node'
    bundles:
      quiz: quiz
